
Microsoft Visual Studio Solution File, Format Version 12.00
# Visual Studio Version 16
VisualStudioVersion = 16.0.31205.134
MinimumVisualStudioVersion = 10.0.40219.1
Project("{FAE04EC0-301F-11D3-BF4B-00C04F79EFBC}") = "BestPractices", "BestPractices\BestPractices.csproj", "{39F32813-CC51-45BD-BD95-293B78096E10}"
EndProject
Global
	GlobalSection(SolutionConfigurationPlatforms) = preSolution
		Debug|Any CPU = Debug|Any CPU
		Release|Any CPU = Release|Any CPU
	EndGlobalSection
	GlobalSection(ProjectConfigurationPlatforms) = postSolution
		{39F32813-CC51-45BD-BD95-293B78096E10}.Debug|Any CPU.ActiveCfg = Debug|Any CPU
		{39F32813-CC51-45BD-BD95-293B78096E10}.Debug|Any CPU.Build.0 = Debug|Any CPU
		{39F32813-CC51-45BD-BD95-293B78096E10}.Release|Any CPU.ActiveCfg = Release|Any CPU
		{39F32813-CC51-45BD-BD95-293B78096E10}.Release|Any CPU.Build.0 = Release|Any CPU
	EndGlobalSection
	GlobalSection(SolutionProperties) = preSolution
		HideSolutionNode = FALSE
	EndGlobalSection
	GlobalSection(ExtensibilityGlobals) = postSolution
		SolutionGuid = {9E57AF6E-0AF3-4DC6-B3AA-A61D07008CB6}
	EndGlobalSection
EndGlobal
