
Microsoft Visual Studio Solution File, Format Version 12.00
# Visual Studio Version 16
VisualStudioVersion = 16.0.30611.23
MinimumVisualStudioVersion = 10.0.40219.1
Project("{9A19103F-16F7-4668-BE54-9A1E7A4F7556}") = "PlatformService", "PlatformService\PlatformService.csproj", "{9552D423-C27B-4DE0-B5FD-0479B43CDB6E}"
EndProject
Project("{FAE04EC0-301F-11D3-BF4B-00C04F79EFBC}") = "CommandsService", "CommandsService\CommandsService.csproj", "{07A9EC27-2F24-433F-B9C0-1CB7D6868F40}"
EndProject
Global
	GlobalSection(SolutionConfigurationPlatforms) = preSolution
		Debug|Any CPU = Debug|Any CPU
		Release|Any CPU = Release|Any CPU
	EndGlobalSection
	GlobalSection(ProjectConfigurationPlatforms) = postSolution
		{9552D423-C27B-4DE0-B5FD-0479B43CDB6E}.Debug|Any CPU.ActiveCfg = Debug|Any CPU
		{9552D423-C27B-4DE0-B5FD-0479B43CDB6E}.Debug|Any CPU.Build.0 = Debug|Any CPU
		{9552D423-C27B-4DE0-B5FD-0479B43CDB6E}.Release|Any CPU.ActiveCfg = Release|Any CPU
		{9552D423-C27B-4DE0-B5FD-0479B43CDB6E}.Release|Any CPU.Build.0 = Release|Any CPU
		{07A9EC27-2F24-433F-B9C0-1CB7D6868F40}.Debug|Any CPU.ActiveCfg = Debug|Any CPU
		{07A9EC27-2F24-433F-B9C0-1CB7D6868F40}.Debug|Any CPU.Build.0 = Debug|Any CPU
		{07A9EC27-2F24-433F-B9C0-1CB7D6868F40}.Release|Any CPU.ActiveCfg = Release|Any CPU
		{07A9EC27-2F24-433F-B9C0-1CB7D6868F40}.Release|Any CPU.Build.0 = Release|Any CPU
	EndGlobalSection
	GlobalSection(SolutionProperties) = preSolution
		HideSolutionNode = FALSE
	EndGlobalSection
	GlobalSection(ExtensibilityGlobals) = postSolution
		SolutionGuid = {EB035F1A-D45B-4F02-BF5E-399BE9FFE6C5}
	EndGlobalSection
EndGlobal
