
Microsoft Visual Studio Solution File, Format Version 12.00
# Visual Studio Version 16
VisualStudioVersion = 16.0.32002.261
MinimumVisualStudioVersion = 10.0.40219.1
Project("{FAE04EC0-301F-11D3-BF4B-00C04F79EFBC}") = "ExampleApp", "ExampleApp\ExampleApp.csproj", "{D7180D80-E499-4ADA-9C28-20D8CE716574}"
EndProject
Global
	GlobalSection(SolutionConfigurationPlatforms) = preSolution
		Debug|Any CPU = Debug|Any CPU
		Release|Any CPU = Release|Any CPU
	EndGlobalSection
	GlobalSection(ProjectConfigurationPlatforms) = postSolution
		{D7180D80-E499-4ADA-9C28-20D8CE716574}.Debug|Any CPU.ActiveCfg = Debug|Any CPU
		{D7180D80-E499-4ADA-9C28-20D8CE716574}.Debug|Any CPU.Build.0 = Debug|Any CPU
		{D7180D80-E499-4ADA-9C28-20D8CE716574}.Release|Any CPU.ActiveCfg = Release|Any CPU
		{D7180D80-E499-4ADA-9C28-20D8CE716574}.Release|Any CPU.Build.0 = Release|Any CPU
	EndGlobalSection
	GlobalSection(SolutionProperties) = preSolution
		HideSolutionNode = FALSE
	EndGlobalSection
	GlobalSection(ExtensibilityGlobals) = postSolution
		SolutionGuid = {49F5934A-26BE-46C4-B522-7CC224B888EB}
	EndGlobalSection
EndGlobal
